
Microsoft Visual Studio Solution File, Format Version 12.00
Project("{2150E333-8FDC-42A3-9474-1A3956D46DE8}") = "Solution Items", "Solution Items", "{591FC339-71E7-4038-B018-E512B0879E67}"
	ProjectSection(SolutionItems) = preProject
		docker-compose.yml = docker-compose.yml
	EndProjectSection
EndProject
Project("{FAE04EC0-301F-11D3-BF4B-00C04F79EFBC}") = "BookaDesk.UserService", "BookaDesk.UserService\BookaDesk.UserService.csproj", "{344D236A-AE1E-449E-8F9D-16FF5590AE49}"
EndProject
Global
	GlobalSection(SolutionConfigurationPlatforms) = preSolution
		Debug|Any CPU = Debug|Any CPU
		Release|Any CPU = Release|Any CPU
	EndGlobalSection
	GlobalSection(ProjectConfigurationPlatforms) = postSolution
		{344D236A-AE1E-449E-8F9D-16FF5590AE49}.Debug|Any CPU.ActiveCfg = Debug|Any CPU
		{344D236A-AE1E-449E-8F9D-16FF5590AE49}.Debug|Any CPU.Build.0 = Debug|Any CPU
		{344D236A-AE1E-449E-8F9D-16FF5590AE49}.Release|Any CPU.ActiveCfg = Release|Any CPU
		{344D236A-AE1E-449E-8F9D-16FF5590AE49}.Release|Any CPU.Build.0 = Release|Any CPU
	EndGlobalSection
EndGlobal
